// !$*UTF8*$!
{
	archiveVersion = 1;
	classes = {
	};
	objectVersion = 56;
	objects = {

/* Begin PBXBuildFile section */
		02EAC7A52AFC2AF7007058D7 /* AppDelegate.swift in Sources */ = {isa = PBXBuildFile; fileRef = 02EAC7A42AFC2AF7007058D7 /* AppDelegate.swift */; };
		02EAC7A72AFC2AF7007058D7 /* SceneDelegate.swift in Sources */ = {isa = PBXBuildFile; fileRef = 02EAC7A62AFC2AF7007058D7 /* SceneDelegate.swift */; };
		02EAC7A92AFC2AF7007058D7 /* ViewController.swift in Sources */ = {isa = PBXBuildFile; fileRef = 02EAC7A82AFC2AF7007058D7 /* ViewController.swift */; };
		02EAC7AE2AFC2AF9007058D7 /* Assets.xcassets in Resources */ = {isa = PBXBuildFile; fileRef = 02EAC7AD2AFC2AF9007058D7 /* Assets.xcassets */; };
		02EAC7B12AFC2AF9007058D7 /* LaunchScreen.storyboard in Resources */ = {isa = PBXBuildFile; fileRef = 02EAC7AF2AFC2AF9007058D7 /* LaunchScreen.storyboard */; };
		02EAC7BE2AFC2BC6007058D7 /* MovieService.swift in Sources */ = {isa = PBXBuildFile; fileRef = 02EAC7BD2AFC2BC6007058D7 /* MovieService.swift */; };
		02EAC7C02AFC2BDD007058D7 /* APIManager.swift in Sources */ = {isa = PBXBuildFile; fileRef = 02EAC7BF2AFC2BDD007058D7 /* APIManager.swift */; };
		02EAC7C22AFC2BFB007058D7 /* MovieSummary.swift in Sources */ = {isa = PBXBuildFile; fileRef = 02EAC7C12AFC2BFB007058D7 /* MovieSummary.swift */; };
		02EAC7C52AFC2C58007058D7 /* Kingfisher in Frameworks */ = {isa = PBXBuildFile; productRef = 02EAC7C42AFC2C58007058D7 /* Kingfisher */; };
		02EAC7C72AFC2C88007058D7 /* MovieSummaryViewModel.swift in Sources */ = {isa = PBXBuildFile; fileRef = 02EAC7C62AFC2C88007058D7 /* MovieSummaryViewModel.swift */; };
		02EAC7C92AFC2C92007058D7 /* MovieSummaryViewModelOutput.swift in Sources */ = {isa = PBXBuildFile; fileRef = 02EAC7C82AFC2C92007058D7 /* MovieSummaryViewModelOutput.swift */; };
		02EAC7CB2AFC3A6B007058D7 /* MovieDetailViewController.swift in Sources */ = {isa = PBXBuildFile; fileRef = 02EAC7CA2AFC3A6B007058D7 /* MovieDetailViewController.swift */; };
		02EAC7CD2AFC3CE5007058D7 /* MovieDetail.swift in Sources */ = {isa = PBXBuildFile; fileRef = 02EAC7CC2AFC3CE5007058D7 /* MovieDetail.swift */; };
		02EAC7CF2AFC3D01007058D7 /* MovieDetailService.swift in Sources */ = {isa = PBXBuildFile; fileRef = 02EAC7CE2AFC3D01007058D7 /* MovieDetailService.swift */; };
/* End PBXBuildFile section */

/* Begin PBXContainerItemProxy section */
		02EAC7D82AFC4F4A007058D7 /* PBXContainerItemProxy */ = {
			isa = PBXContainerItemProxy;
			containerPortal = 02EAC7992AFC2AF7007058D7 /* Project object */;
			proxyType = 1;
			remoteGlobalIDString = 02EAC7A02AFC2AF7007058D7;
			remoteInfo = MovieSearchingApp;
		};
/* End PBXContainerItemProxy section */

/* Begin PBXFileReference section */
		02EAC7A12AFC2AF7007058D7 /* MovieSearchingApp.app */ = {isa = PBXFileReference; explicitFileType = wrapper.application; includeInIndex = 0; path = MovieSearchingApp.app; sourceTree = BUILT_PRODUCTS_DIR; };
		02EAC7A42AFC2AF7007058D7 /* AppDelegate.swift */ = {isa = PBXFileReference; lastKnownFileType = sourcecode.swift; path = AppDelegate.swift; sourceTree = "<group>"; };
		02EAC7A62AFC2AF7007058D7 /* SceneDelegate.swift */ = {isa = PBXFileReference; lastKnownFileType = sourcecode.swift; path = SceneDelegate.swift; sourceTree = "<group>"; };
		02EAC7A82AFC2AF7007058D7 /* ViewController.swift */ = {isa = PBXFileReference; lastKnownFileType = sourcecode.swift; path = ViewController.swift; sourceTree = "<group>"; };
		02EAC7AD2AFC2AF9007058D7 /* Assets.xcassets */ = {isa = PBXFileReference; lastKnownFileType = folder.assetcatalog; path = Assets.xcassets; sourceTree = "<group>"; };
		02EAC7B02AFC2AF9007058D7 /* Base */ = {isa = PBXFileReference; lastKnownFileType = file.storyboard; name = Base; path = Base.lproj/LaunchScreen.storyboard; sourceTree = "<group>"; };
		02EAC7B22AFC2AF9007058D7 /* Info.plist */ = {isa = PBXFileReference; lastKnownFileType = text.plist.xml; path = Info.plist; sourceTree = "<group>"; };
		02EAC7BD2AFC2BC6007058D7 /* MovieService.swift */ = {isa = PBXFileReference; lastKnownFileType = sourcecode.swift; path = MovieService.swift; sourceTree = "<group>"; };
		02EAC7BF2AFC2BDD007058D7 /* APIManager.swift */ = {isa = PBXFileReference; lastKnownFileType = sourcecode.swift; path = APIManager.swift; sourceTree = "<group>"; };
		02EAC7C12AFC2BFB007058D7 /* MovieSummary.swift */ = {isa = PBXFileReference; lastKnownFileType = sourcecode.swift; path = MovieSummary.swift; sourceTree = "<group>"; };
		02EAC7C62AFC2C88007058D7 /* MovieSummaryViewModel.swift */ = {isa = PBXFileReference; lastKnownFileType = sourcecode.swift; path = MovieSummaryViewModel.swift; sourceTree = "<group>"; };
		02EAC7C82AFC2C92007058D7 /* MovieSummaryViewModelOutput.swift */ = {isa = PBXFileReference; lastKnownFileType = sourcecode.swift; path = MovieSummaryViewModelOutput.swift; sourceTree = "<group>"; };
		02EAC7CA2AFC3A6B007058D7 /* MovieDetailViewController.swift */ = {isa = PBXFileReference; lastKnownFileType = sourcecode.swift; path = MovieDetailViewController.swift; sourceTree = "<group>"; };
		02EAC7CC2AFC3CE5007058D7 /* MovieDetail.swift */ = {isa = PBXFileReference; lastKnownFileType = sourcecode.swift; path = MovieDetail.swift; sourceTree = "<group>"; };
		02EAC7CE2AFC3D01007058D7 /* MovieDetailService.swift */ = {isa = PBXFileReference; lastKnownFileType = sourcecode.swift; path = MovieDetailService.swift; sourceTree = "<group>"; };
		02EAC7D42AFC4F4A007058D7 /* MovieSearchingAppTests.xctest */ = {isa = PBXFileReference; explicitFileType = wrapper.cfbundle; includeInIndex = 0; path = MovieSearchingAppTests.xctest; sourceTree = BUILT_PRODUCTS_DIR; };
/* End PBXFileReference section */

/* Begin PBXFrameworksBuildPhase section */
		02EAC79E2AFC2AF7007058D7 /* Frameworks */ = {
			isa = PBXFrameworksBuildPhase;
			buildActionMask = 2147483647;
			files = (
				02EAC7C52AFC2C58007058D7 /* Kingfisher in Frameworks */,
			);
			runOnlyForDeploymentPostprocessing = 0;
		};
		02EAC7D12AFC4F4A007058D7 /* Frameworks */ = {
			isa = PBXFrameworksBuildPhase;
			buildActionMask = 2147483647;
			files = (
			);
			runOnlyForDeploymentPostprocessing = 0;
		};
/* End PBXFrameworksBuildPhase section */

/* Begin PBXGroup section */
		02EAC7982AFC2AF7007058D7 = {
			isa = PBXGroup;
			children = (
				02EAC7A32AFC2AF7007058D7 /* MovieSearchingApp */,
				02EAC7A22AFC2AF7007058D7 /* Products */,
			);
			sourceTree = "<group>";
		};
		02EAC7A22AFC2AF7007058D7 /* Products */ = {
			isa = PBXGroup;
			children = (
				02EAC7A12AFC2AF7007058D7 /* MovieSearchingApp.app */,
				02EAC7D42AFC4F4A007058D7 /* MovieSearchingAppTests.xctest */,
			);
			name = Products;
			sourceTree = "<group>";
		};
		02EAC7A32AFC2AF7007058D7 /* MovieSearchingApp */ = {
			isa = PBXGroup;
			children = (
				02EAC7BC2AFC2BA9007058D7 /* Service */,
				02EAC7BB2AFC2BA4007058D7 /* Model */,
				02EAC7BA2AFC2B99007058D7 /* View */,
				02EAC7B92AFC2B79007058D7 /* MovieViewModel */,
				02EAC7A42AFC2AF7007058D7 /* AppDelegate.swift */,
				02EAC7A62AFC2AF7007058D7 /* SceneDelegate.swift */,
				02EAC7AD2AFC2AF9007058D7 /* Assets.xcassets */,
				02EAC7AF2AFC2AF9007058D7 /* LaunchScreen.storyboard */,
				02EAC7B22AFC2AF9007058D7 /* Info.plist */,
			);
			path = MovieSearchingApp;
			sourceTree = "<group>";
		};
		02EAC7B92AFC2B79007058D7 /* MovieViewModel */ = {
			isa = PBXGroup;
			children = (
				02EAC7C62AFC2C88007058D7 /* MovieSummaryViewModel.swift */,
				02EAC7C82AFC2C92007058D7 /* MovieSummaryViewModelOutput.swift */,
			);
			path = MovieViewModel;
			sourceTree = "<group>";
		};
		02EAC7BA2AFC2B99007058D7 /* View */ = {
			isa = PBXGroup;
			children = (
				02EAC7A82AFC2AF7007058D7 /* ViewController.swift */,
				02EAC7CA2AFC3A6B007058D7 /* MovieDetailViewController.swift */,
			);
			path = View;
			sourceTree = "<group>";
		};
		02EAC7BB2AFC2BA4007058D7 /* Model */ = {
			isa = PBXGroup;
			children = (
				02EAC7C12AFC2BFB007058D7 /* MovieSummary.swift */,
				02EAC7CC2AFC3CE5007058D7 /* MovieDetail.swift */,
			);
			path = Model;
			sourceTree = "<group>";
		};
		02EAC7BC2AFC2BA9007058D7 /* Service */ = {
			isa = PBXGroup;
			children = (
				02EAC7BF2AFC2BDD007058D7 /* APIManager.swift */,
				02EAC7BD2AFC2BC6007058D7 /* MovieService.swift */,
				02EAC7CE2AFC3D01007058D7 /* MovieDetailService.swift */,
			);
			path = Service;
			sourceTree = "<group>";
		};
/* End PBXGroup section */

/* Begin PBXNativeTarget section */
		02EAC7A02AFC2AF7007058D7 /* MovieSearchingApp */ = {
			isa = PBXNativeTarget;
			buildConfigurationList = 02EAC7B52AFC2AF9007058D7 /* Build configuration list for PBXNativeTarget "MovieSearchingApp" */;
			buildPhases = (
				02EAC79D2AFC2AF7007058D7 /* Sources */,
				02EAC79E2AFC2AF7007058D7 /* Frameworks */,
				02EAC79F2AFC2AF7007058D7 /* Resources */,
			);
			buildRules = (
			);
			dependencies = (
			);
			name = MovieSearchingApp;
			packageProductDependencies = (
				02EAC7C42AFC2C58007058D7 /* Kingfisher */,
			);
			productName = MovieSearchingApp;
			productReference = 02EAC7A12AFC2AF7007058D7 /* MovieSearchingApp.app */;
			productType = "com.apple.product-type.application";
		};
		02EAC7D32AFC4F4A007058D7 /* MovieSearchingAppTests */ = {
			isa = PBXNativeTarget;
			buildConfigurationList = 02EAC7DA2AFC4F4A007058D7 /* Build configuration list for PBXNativeTarget "MovieSearchingAppTests" */;
			buildPhases = (
				02EAC7D02AFC4F4A007058D7 /* Sources */,
				02EAC7D12AFC4F4A007058D7 /* Frameworks */,
				02EAC7D22AFC4F4A007058D7 /* Resources */,
			);
			buildRules = (
			);
			dependencies = (
				02EAC7D92AFC4F4A007058D7 /* PBXTargetDependency */,
			);
			name = MovieSearchingAppTests;
			productName = MovieSearchingAppTests;
			productReference = 02EAC7D42AFC4F4A007058D7 /* MovieSearchingAppTests.xctest */;
			productType = "com.apple.product-type.bundle.unit-test";
		};
/* End PBXNativeTarget section */

/* Begin PBXProject section */
		02EAC7992AFC2AF7007058D7 /* Project object */ = {
			isa = PBXProject;
			attributes = {
				BuildIndependentTargetsInParallel = 1;
				LastSwiftUpdateCheck = 1430;
				LastUpgradeCheck = 1430;
				TargetAttributes = {
					02EAC7A02AFC2AF7007058D7 = {
						CreatedOnToolsVersion = 14.3.1;
					};
					02EAC7D32AFC4F4A007058D7 = {
						CreatedOnToolsVersion = 14.3.1;
						TestTargetID = 02EAC7A02AFC2AF7007058D7;
					};
				};
			};
			buildConfigurationList = 02EAC79C2AFC2AF7007058D7 /* Build configuration list for PBXProject "MovieSearchingApp" */;
			compatibilityVersion = "Xcode 14.0";
			developmentRegion = en;
			hasScannedForEncodings = 0;
			knownRegions = (
				en,
				Base,
			);
			mainGroup = 02EAC7982AFC2AF7007058D7;
			packageReferences = (
				02EAC7C32AFC2C58007058D7 /* XCRemoteSwiftPackageReference "Kingfisher" */,
			);
			productRefGroup = 02EAC7A22AFC2AF7007058D7 /* Products */;
			projectDirPath = "";
			projectRoot = "";
			targets = (
				02EAC7A02AFC2AF7007058D7 /* MovieSearchingApp */,
				02EAC7D32AFC4F4A007058D7 /* MovieSearchingAppTests */,
			);
		};
/* End PBXProject section */

/* Begin PBXResourcesBuildPhase section */
		02EAC79F2AFC2AF7007058D7 /* Resources */ = {
			isa = PBXResourcesBuildPhase;
			buildActionMask = 2147483647;
			files = (
				02EAC7B12AFC2AF9007058D7 /* LaunchScreen.storyboard in Resources */,
				02EAC7AE2AFC2AF9007058D7 /* Assets.xcassets in Resources */,
			);
			runOnlyForDeploymentPostprocessing = 0;
		};
		02EAC7D22AFC4F4A007058D7 /* Resources */ = {
			isa = PBXResourcesBuildPhase;
			buildActionMask = 2147483647;
			files = (
			);
			runOnlyForDeploymentPostprocessing = 0;
		};
/* End PBXResourcesBuildPhase section */

/* Begin PBXSourcesBuildPhase section */
		02EAC79D2AFC2AF7007058D7 /* Sources */ = {
			isa = PBXSourcesBuildPhase;
			buildActionMask = 2147483647;
			files = (
				02EAC7C72AFC2C88007058D7 /* MovieSummaryViewModel.swift in Sources */,
				02EAC7A92AFC2AF7007058D7 /* ViewController.swift in Sources */,
				02EAC7A52AFC2AF7007058D7 /* AppDelegate.swift in Sources */,
				02EAC7C02AFC2BDD007058D7 /* APIManager.swift in Sources */,
				02EAC7C22AFC2BFB007058D7 /* MovieSummary.swift in Sources */,
				02EAC7C92AFC2C92007058D7 /* MovieSummaryViewModelOutput.swift in Sources */,
				02EAC7BE2AFC2BC6007058D7 /* MovieService.swift in Sources */,
				02EAC7CD2AFC3CE5007058D7 /* MovieDetail.swift in Sources */,
				02EAC7CF2AFC3D01007058D7 /* MovieDetailService.swift in Sources */,
				02EAC7CB2AFC3A6B007058D7 /* MovieDetailViewController.swift in Sources */,
				02EAC7A72AFC2AF7007058D7 /* SceneDelegate.swift in Sources */,
			);
			runOnlyForDeploymentPostprocessing = 0;
		};
		02EAC7D02AFC4F4A007058D7 /* Sources */ = {
			isa = PBXSourcesBuildPhase;
			buildActionMask = 2147483647;
			files = (
			);
			runOnlyForDeploymentPostprocessing = 0;
		};
/* End PBXSourcesBuildPhase section */

/* Begin PBXTargetDependency section */
		02EAC7D92AFC4F4A007058D7 /* PBXTargetDependency */ = {
			isa = PBXTargetDependency;
			target = 02EAC7A02AFC2AF7007058D7 /* MovieSearchingApp */;
			targetProxy = 02EAC7D82AFC4F4A007058D7 /* PBXContainerItemProxy */;
		};
/* End PBXTargetDependency section */

/* Begin PBXVariantGroup section */
		02EAC7AF2AFC2AF9007058D7 /* LaunchScreen.storyboard */ = {
			isa = PBXVariantGroup;
			children = (
				02EAC7B02AFC2AF9007058D7 /* Base */,
			);
			name = LaunchScreen.storyboard;
			sourceTree = "<group>";
		};
/* End PBXVariantGroup section */

/* Begin XCBuildConfiguration section */
		02EAC7B32AFC2AF9007058D7 /* Debug */ = {
			isa = XCBuildConfiguration;
			buildSettings = {
				ALWAYS_SEARCH_USER_PATHS = NO;
				CLANG_ANALYZER_NONNULL = YES;
				CLANG_ANALYZER_NUMBER_OBJECT_CONVERSION = YES_AGGRESSIVE;
				CLANG_CXX_LANGUAGE_STANDARD = "gnu++20";
				CLANG_ENABLE_MODULES = YES;
				CLANG_ENABLE_OBJC_ARC = YES;
				CLANG_ENABLE_OBJC_WEAK = YES;
				CLANG_WARN_BLOCK_CAPTURE_AUTORELEASING = YES;
				CLANG_WARN_BOOL_CONVERSION = YES;
				CLANG_WARN_COMMA = YES;
				CLANG_WARN_CONSTANT_CONVERSION = YES;
				CLANG_WARN_DEPRECATED_OBJC_IMPLEMENTATIONS = YES;
				CLANG_WARN_DIRECT_OBJC_ISA_USAGE = YES_ERROR;
				CLANG_WARN_DOCUMENTATION_COMMENTS = YES;
				CLANG_WARN_EMPTY_BODY = YES;
				CLANG_WARN_ENUM_CONVERSION = YES;
				CLANG_WARN_INFINITE_RECURSION = YES;
				CLANG_WARN_INT_CONVERSION = YES;
				CLANG_WARN_NON_LITERAL_NULL_CONVERSION = YES;
				CLANG_WARN_OBJC_IMPLICIT_RETAIN_SELF = YES;
				CLANG_WARN_OBJC_LITERAL_CONVERSION = YES;
				CLANG_WARN_OBJC_ROOT_CLASS = YES_ERROR;
				CLANG_WARN_QUOTED_INCLUDE_IN_FRAMEWORK_HEADER = YES;
				CLANG_WARN_RANGE_LOOP_ANALYSIS = YES;
				CLANG_WARN_STRICT_PROTOTYPES = YES;
				CLANG_WARN_SUSPICIOUS_MOVE = YES;
				CLANG_WARN_UNGUARDED_AVAILABILITY = YES_AGGRESSIVE;
				CLANG_WARN_UNREACHABLE_CODE = YES;
				CLANG_WARN__DUPLICATE_METHOD_MATCH = YES;
				COPY_PHASE_STRIP = NO;
				DEBUG_INFORMATION_FORMAT = dwarf;
				ENABLE_STRICT_OBJC_MSGSEND = YES;
				ENABLE_TESTABILITY = YES;
				GCC_C_LANGUAGE_STANDARD = gnu11;
				GCC_DYNAMIC_NO_PIC = NO;
				GCC_NO_COMMON_BLOCKS = YES;
				GCC_OPTIMIZATION_LEVEL = 0;
				GCC_PREPROCESSOR_DEFINITIONS = (
					"DEBUG=1",
					"$(inherited)",
				);
				GCC_WARN_64_TO_32_BIT_CONVERSION = YES;
				GCC_WARN_ABOUT_RETURN_TYPE = YES_ERROR;
				GCC_WARN_UNDECLARED_SELECTOR = YES;
				GCC_WARN_UNINITIALIZED_AUTOS = YES_AGGRESSIVE;
				GCC_WARN_UNUSED_FUNCTION = YES;
				GCC_WARN_UNUSED_VARIABLE = YES;
				IPHONEOS_DEPLOYMENT_TARGET = 16.4;
				MTL_ENABLE_DEBUG_INFO = INCLUDE_SOURCE;
				MTL_FAST_MATH = YES;
				ONLY_ACTIVE_ARCH = YES;
				SDKROOT = iphoneos;
				SWIFT_ACTIVE_COMPILATION_CONDITIONS = DEBUG;
				SWIFT_OPTIMIZATION_LEVEL = "-Onone";
			};
			name = Debug;
		};
		02EAC7B42AFC2AF9007058D7 /* Release */ = {
			isa = XCBuildConfiguration;
			buildSettings = {
				ALWAYS_SEARCH_USER_PATHS = NO;
				CLANG_ANALYZER_NONNULL = YES;
				CLANG_ANALYZER_NUMBER_OBJECT_CONVERSION = YES_AGGRESSIVE;
				CLANG_CXX_LANGUAGE_STANDARD = "gnu++20";
				CLANG_ENABLE_MODULES = YES;
				CLANG_ENABLE_OBJC_ARC = YES;
				CLANG_ENABLE_OBJC_WEAK = YES;
				CLANG_WARN_BLOCK_CAPTURE_AUTORELEASING = YES;
				CLANG_WARN_BOOL_CONVERSION = YES;
				CLANG_WARN_COMMA = YES;
				CLANG_WARN_CONSTANT_CONVERSION = YES;
				CLANG_WARN_DEPRECATED_OBJC_IMPLEMENTATIONS = YES;
				CLANG_WARN_DIRECT_OBJC_ISA_USAGE = YES_ERROR;
				CLANG_WARN_DOCUMENTATION_COMMENTS = YES;
				CLANG_WARN_EMPTY_BODY = YES;
				CLANG_WARN_ENUM_CONVERSION = YES;
				CLANG_WARN_INFINITE_RECURSION = YES;
				CLANG_WARN_INT_CONVERSION = YES;
				CLANG_WARN_NON_LITERAL_NULL_CONVERSION = YES;
				CLANG_WARN_OBJC_IMPLICIT_RETAIN_SELF = YES;
				CLANG_WARN_OBJC_LITERAL_CONVERSION = YES;
				CLANG_WARN_OBJC_ROOT_CLASS = YES_ERROR;
				CLANG_WARN_QUOTED_INCLUDE_IN_FRAMEWORK_HEADER = YES;
				CLANG_WARN_RANGE_LOOP_ANALYSIS = YES;
				CLANG_WARN_STRICT_PROTOTYPES = YES;
				CLANG_WARN_SUSPICIOUS_MOVE = YES;
				CLANG_WARN_UNGUARDED_AVAILABILITY = YES_AGGRESSIVE;
				CLANG_WARN_UNREACHABLE_CODE = YES;
				CLANG_WARN__DUPLICATE_METHOD_MATCH = YES;
				COPY_PHASE_STRIP = NO;
				DEBUG_INFORMATION_FORMAT = "dwarf-with-dsym";
				ENABLE_NS_ASSERTIONS = NO;
				ENABLE_STRICT_OBJC_MSGSEND = YES;
				GCC_C_LANGUAGE_STANDARD = gnu11;
				GCC_NO_COMMON_BLOCKS = YES;
				GCC_WARN_64_TO_32_BIT_CONVERSION = YES;
				GCC_WARN_ABOUT_RETURN_TYPE = YES_ERROR;
				GCC_WARN_UNDECLARED_SELECTOR = YES;
				GCC_WARN_UNINITIALIZED_AUTOS = YES_AGGRESSIVE;
				GCC_WARN_UNUSED_FUNCTION = YES;
				GCC_WARN_UNUSED_VARIABLE = YES;
				IPHONEOS_DEPLOYMENT_TARGET = 16.4;
				MTL_ENABLE_DEBUG_INFO = NO;
				MTL_FAST_MATH = YES;
				SDKROOT = iphoneos;
				SWIFT_COMPILATION_MODE = wholemodule;
				SWIFT_OPTIMIZATION_LEVEL = "-O";
				VALIDATE_PRODUCT = YES;
			};
			name = Release;
		};
		02EAC7B62AFC2AF9007058D7 /* Debug */ = {
			isa = XCBuildConfiguration;
			buildSettings = {
				ASSETCATALOG_COMPILER_APPICON_NAME = AppIcon;
				ASSETCATALOG_COMPILER_GLOBAL_ACCENT_COLOR_NAME = AccentColor;
				CODE_SIGN_STYLE = Automatic;
				CURRENT_PROJECT_VERSION = 1;
				GENERATE_INFOPLIST_FILE = YES;
				INFOPLIST_FILE = MovieSearchingApp/Info.plist;
				INFOPLIST_KEY_UIApplicationSupportsIndirectInputEvents = YES;
				INFOPLIST_KEY_UILaunchStoryboardName = LaunchScreen;
				INFOPLIST_KEY_UISupportedInterfaceOrientations_iPad = "UIInterfaceOrientationPortrait UIInterfaceOrientationPortraitUpsideDown UIInterfaceOrientationLandscapeLeft UIInterfaceOrientationLandscapeRight";
				INFOPLIST_KEY_UISupportedInterfaceOrientations_iPhone = "UIInterfaceOrientationPortrait UIInterfaceOrientationLandscapeLeft UIInterfaceOrientationLandscapeRight";
				LD_RUNPATH_SEARCH_PATHS = (
					"$(inherited)",
					"@executable_path/Frameworks",
				);
				MARKETING_VERSION = 1.0;
				PRODUCT_BUNDLE_IDENTIFIER = com.appst.MovieSearchingApp;
				PRODUCT_NAME = "$(TARGET_NAME)";
				SWIFT_EMIT_LOC_STRINGS = YES;
				SWIFT_VERSION = 5.0;
				TARGETED_DEVICE_FAMILY = "1,2";
			};
			name = Debug;
		};
		02EAC7B72AFC2AF9007058D7 /* Release */ = {
			isa = XCBuildConfiguration;
			buildSettings = {
				ASSETCATALOG_COMPILER_APPICON_NAME = AppIcon;
				ASSETCATALOG_COMPILER_GLOBAL_ACCENT_COLOR_NAME = AccentColor;
				CODE_SIGN_STYLE = Automatic;
				CURRENT_PROJECT_VERSION = 1;
				GENERATE_INFOPLIST_FILE = YES;
				INFOPLIST_FILE = MovieSearchingApp/Info.plist;
				INFOPLIST_KEY_UIApplicationSupportsIndirectInputEvents = YES;
				INFOPLIST_KEY_UILaunchStoryboardName = LaunchScreen;
				INFOPLIST_KEY_UISupportedInterfaceOrientations_iPad = "UIInterfaceOrientationPortrait UIInterfaceOrientationPortraitUpsideDown UIInterfaceOrientationLandscapeLeft UIInterfaceOrientationLandscapeRight";
				INFOPLIST_KEY_UISupportedInterfaceOrientations_iPhone = "UIInterfaceOrientationPortrait UIInterfaceOrientationLandscapeLeft UIInterfaceOrientationLandscapeRight";
				LD_RUNPATH_SEARCH_PATHS = (
					"$(inherited)",
					"@executable_path/Frameworks",
				);
				MARKETING_VERSION = 1.0;
				PRODUCT_BUNDLE_IDENTIFIER = com.appst.MovieSearchingApp;
				PRODUCT_NAME = "$(TARGET_NAME)";
				SWIFT_EMIT_LOC_STRINGS = YES;
				SWIFT_VERSION = 5.0;
				TARGETED_DEVICE_FAMILY = "1,2";
			};
			name = Release;
		};
		02EAC7DB2AFC4F4A007058D7 /* Debug */ = {
			isa = XCBuildConfiguration;
			buildSettings = {
				BUNDLE_LOADER = "$(TEST_HOST)";
				CODE_SIGN_STYLE = Automatic;
				CURRENT_PROJECT_VERSION = 1;
				GENERATE_INFOPLIST_FILE = YES;
				MARKETING_VERSION = 1.0;
				PRODUCT_BUNDLE_IDENTIFIER = com.appst.MovieSearchingAppTests;
				PRODUCT_NAME = "$(TARGET_NAME)";
				SWIFT_EMIT_LOC_STRINGS = NO;
				SWIFT_VERSION = 5.0;
				TARGETED_DEVICE_FAMILY = "1,2";
				TEST_HOST = "$(BUILT_PRODUCTS_DIR)/MovieSearchingApp.app/$(BUNDLE_EXECUTABLE_FOLDER_PATH)/MovieSearchingApp";
			};
			name = Debug;
		};
		02EAC7DC2AFC4F4A007058D7 /* Release */ = {
			isa = XCBuildConfiguration;
			buildSettings = {
				BUNDLE_LOADER = "$(TEST_HOST)";
				CODE_SIGN_STYLE = Automatic;
				CURRENT_PROJECT_VERSION = 1;
				GENERATE_INFOPLIST_FILE = YES;
				MARKETING_VERSION = 1.0;
				PRODUCT_BUNDLE_IDENTIFIER = com.appst.MovieSearchingAppTests;
				PRODUCT_NAME = "$(TARGET_NAME)";
				SWIFT_EMIT_LOC_STRINGS = NO;
				SWIFT_VERSION = 5.0;
				TARGETED_DEVICE_FAMILY = "1,2";
				TEST_HOST = "$(BUILT_PRODUCTS_DIR)/MovieSearchingApp.app/$(BUNDLE_EXECUTABLE_FOLDER_PATH)/MovieSearchingApp";
			};
			name = Release;
		};
/* End XCBuildConfiguration section */

/* Begin XCConfigurationList section */
		02EAC79C2AFC2AF7007058D7 /* Build configuration list for PBXProject "MovieSearchingApp" */ = {
			isa = XCConfigurationList;
			buildConfigurations = (
				02EAC7B32AFC2AF9007058D7 /* Debug */,
				02EAC7B42AFC2AF9007058D7 /* Release */,
			);
			defaultConfigurationIsVisible = 0;
			defaultConfigurationName = Release;
		};
		02EAC7B52AFC2AF9007058D7 /* Build configuration list for PBXNativeTarget "MovieSearchingApp" */ = {
			isa = XCConfigurationList;
			buildConfigurations = (
				02EAC7B62AFC2AF9007058D7 /* Debug */,
				02EAC7B72AFC2AF9007058D7 /* Release */,
			);
			defaultConfigurationIsVisible = 0;
			defaultConfigurationName = Release;
		};
		02EAC7DA2AFC4F4A007058D7 /* Build configuration list for PBXNativeTarget "MovieSearchingAppTests" */ = {
			isa = XCConfigurationList;
			buildConfigurations = (
				02EAC7DB2AFC4F4A007058D7 /* Debug */,
				02EAC7DC2AFC4F4A007058D7 /* Release */,
			);
			defaultConfigurationIsVisible = 0;
			defaultConfigurationName = Release;
		};
/* End XCConfigurationList section */

/* Begin XCRemoteSwiftPackageReference section */
		02EAC7C32AFC2C58007058D7 /* XCRemoteSwiftPackageReference "Kingfisher" */ = {
			isa = XCRemoteSwiftPackageReference;
			repositoryURL = "https://github.com/onevcat/Kingfisher.git";
			requirement = {
				kind = upToNextMajorVersion;
				minimumVersion = 7.0.0;
			};
		};
/* End XCRemoteSwiftPackageReference section */

/* Begin XCSwiftPackageProductDependency section */
		02EAC7C42AFC2C58007058D7 /* Kingfisher */ = {
			isa = XCSwiftPackageProductDependency;
			package = 02EAC7C32AFC2C58007058D7 /* XCRemoteSwiftPackageReference "Kingfisher" */;
			productName = Kingfisher;
		};
/* End XCSwiftPackageProductDependency section */
	};
	rootObject = 02EAC7992AFC2AF7007058D7 /* Project object */;
}
